// !$*UTF8*$!
{
	archiveVersion = 1;
	classes = {
	};
	objectVersion = 55;
	objects = {

/* Begin PBXBuildFile section */
		75AA00442896FAEC00DE9E6A /* AppDelegate.swift in Sources */ = {isa = PBXBuildFile; fileRef = 75AA00432896FAEC00DE9E6A /* AppDelegate.swift */; };
		75AA00462896FAEC00DE9E6A /* SceneDelegate.swift in Sources */ = {isa = PBXBuildFile; fileRef = 75AA00452896FAEC00DE9E6A /* SceneDelegate.swift */; };
		75AA00482896FAEC00DE9E6A /* ViewController.swift in Sources */ = {isa = PBXBuildFile; fileRef = 75AA00472896FAEC00DE9E6A /* ViewController.swift */; };
		75AA004B2896FAEC00DE9E6A /* Main.storyboard in Resources */ = {isa = PBXBuildFile; fileRef = 75AA00492896FAEC00DE9E6A /* Main.storyboard */; };
		75AA004D2896FAEE00DE9E6A /* Assets.xcassets in Resources */ = {isa = PBXBuildFile; fileRef = 75AA004C2896FAEE00DE9E6A /* Assets.xcassets */; };
		75AA00502896FAEE00DE9E6A /* LaunchScreen.storyboard in Resources */ = {isa = PBXBuildFile; fileRef = 75AA004E2896FAEE00DE9E6A /* LaunchScreen.storyboard */; };
		75AA005B2896FAEF00DE9E6A /* GolfTrackerTests.swift in Sources */ = {isa = PBXBuildFile; fileRef = 75AA005A2896FAEF00DE9E6A /* GolfTrackerTests.swift */; };
		75AA00652896FAEF00DE9E6A /* GolfTrackerUITests.swift in Sources */ = {isa = PBXBuildFile; fileRef = 75AA00642896FAEF00DE9E6A /* GolfTrackerUITests.swift */; };
/* End PBXBuildFile section */

/* Begin PBXContainerItemProxy section */
		75AA00572896FAEF00DE9E6A /* PBXContainerItemProxy */ = {
			isa = PBXContainerItemProxy;
			containerPortal = 75AA00382896FAEC00DE9E6A /* Project object */;
			proxyType = 1;
			remoteGlobalIDString = 75AA003F2896FAEC00DE9E6A;
			remoteInfo = GolfTracker;
		};
		75AA00612896FAEF00DE9E6A /* PBXContainerItemProxy */ = {
			isa = PBXContainerItemProxy;
			containerPortal = 75AA00382896FAEC00DE9E6A /* Project object */;
			proxyType = 1;
			remoteGlobalIDString = 75AA003F2896FAEC00DE9E6A;
			remoteInfo = GolfTracker;
		};
/* End PBXContainerItemProxy section */

/* Begin PBXFileReference section */
		75AA00402896FAEC00DE9E6A /* GolfTracker.app */ = {isa = PBXFileReference; explicitFileType = wrapper.application; includeInIndex = 0; path = GolfTracker.app; sourceTree = BUILT_PRODUCTS_DIR; };
		75AA00432896FAEC00DE9E6A /* AppDelegate.swift */ = {isa = PBXFileReference; lastKnownFileType = sourcecode.swift; path = AppDelegate.swift; sourceTree = "<group>"; };
		75AA00452896FAEC00DE9E6A /* SceneDelegate.swift */ = {isa = PBXFileReference; lastKnownFileType = sourcecode.swift; path = SceneDelegate.swift; sourceTree = "<group>"; };
		75AA00472896FAEC00DE9E6A /* ViewController.swift */ = {isa = PBXFileReference; lastKnownFileType = sourcecode.swift; path = ViewController.swift; sourceTree = "<group>"; };
		75AA004A2896FAEC00DE9E6A /* Base */ = {isa = PBXFileReference; lastKnownFileType = file.storyboard; name = Base; path = Base.lproj/Main.storyboard; sourceTree = "<group>"; };
		75AA004C2896FAEE00DE9E6A /* Assets.xcassets */ = {isa = PBXFileReference; lastKnownFileType = folder.assetcatalog; path = Assets.xcassets; sourceTree = "<group>"; };
		75AA004F2896FAEE00DE9E6A /* Base */ = {isa = PBXFileReference; lastKnownFileType = file.storyboard; name = Base; path = Base.lproj/LaunchScreen.storyboard; sourceTree = "<group>"; };
		75AA00512896FAEE00DE9E6A /* Info.plist */ = {isa = PBXFileReference; lastKnownFileType = text.plist.xml; path = Info.plist; sourceTree = "<group>"; };
		75AA00562896FAEF00DE9E6A /* GolfTrackerTests.xctest */ = {isa = PBXFileReference; explicitFileType = wrapper.cfbundle; includeInIndex = 0; path = GolfTrackerTests.xctest; sourceTree = BUILT_PRODUCTS_DIR; };
		75AA005A2896FAEF00DE9E6A /* GolfTrackerTests.swift */ = {isa = PBXFileReference; lastKnownFileType = sourcecode.swift; path = GolfTrackerTests.swift; sourceTree = "<group>"; };
		75AA00602896FAEF00DE9E6A /* GolfTrackerUITests.xctest */ = {isa = PBXFileReference; explicitFileType = wrapper.cfbundle; includeInIndex = 0; path = GolfTrackerUITests.xctest; sourceTree = BUILT_PRODUCTS_DIR; };
		75AA00642896FAEF00DE9E6A /* GolfTrackerUITests.swift */ = {isa = PBXFileReference; lastKnownFileType = sourcecode.swift; path = GolfTrackerUITests.swift; sourceTree = "<group>"; };
/* End PBXFileReference section */

/* Begin PBXFrameworksBuildPhase section */
		75AA003D2896FAEC00DE9E6A /* Frameworks */ = {
			isa = PBXFrameworksBuildPhase;
			buildActionMask = 2147483647;
			files = (
			);
			runOnlyForDeploymentPostprocessing = 0;
		};
		75AA00532896FAEF00DE9E6A /* Frameworks */ = {
			isa = PBXFrameworksBuildPhase;
			buildActionMask = 2147483647;
			files = (
			);
			runOnlyForDeploymentPostprocessing = 0;
		};
		75AA005D2896FAEF00DE9E6A /* Frameworks */ = {
			isa = PBXFrameworksBuildPhase;
			buildActionMask = 2147483647;
			files = (
			);
			runOnlyForDeploymentPostprocessing = 0;
		};
/* End PBXFrameworksBuildPhase section */

/* Begin PBXGroup section */
		75AA00372896FAEC00DE9E6A = {
			isa = PBXGroup;
			children = (
				75AA00422896FAEC00DE9E6A /* GolfTracker */,
				75AA00592896FAEF00DE9E6A /* GolfTrackerTests */,
				75AA00632896FAEF00DE9E6A /* GolfTrackerUITests */,
				75AA00412896FAEC00DE9E6A /* Products */,
			);
			sourceTree = "<group>";
		};
		75AA00412896FAEC00DE9E6A /* Products */ = {
			isa = PBXGroup;
			children = (
				75AA00402896FAEC00DE9E6A /* GolfTracker.app */,
				75AA00562896FAEF00DE9E6A /* GolfTrackerTests.xctest */,
				75AA00602896FAEF00DE9E6A /* GolfTrackerUITests.xctest */,
			);
			name = Products;
			sourceTree = "<group>";
		};
		75AA00422896FAEC00DE9E6A /* GolfTracker */ = {
			isa = PBXGroup;
			children = (
				75AA00432896FAEC00DE9E6A /* AppDelegate.swift */,
				75AA00452896FAEC00DE9E6A /* SceneDelegate.swift */,
				75AA00472896FAEC00DE9E6A /* ViewController.swift */,
				75AA00492896FAEC00DE9E6A /* Main.storyboard */,
				75AA004C2896FAEE00DE9E6A /* Assets.xcassets */,
				75AA004E2896FAEE00DE9E6A /* LaunchScreen.storyboard */,
				75AA00512896FAEE00DE9E6A /* Info.plist */,
			);
			path = GolfTracker;
			sourceTree = "<group>";
		};
		75AA00592896FAEF00DE9E6A /* GolfTrackerTests */ = {
			isa = PBXGroup;
			children = (
				75AA005A2896FAEF00DE9E6A /* GolfTrackerTests.swift */,
			);
			path = GolfTrackerTests;
			sourceTree = "<group>";
		};
		75AA00632896FAEF00DE9E6A /* GolfTrackerUITests */ = {
			isa = PBXGroup;
			children = (
				75AA00642896FAEF00DE9E6A /* GolfTrackerUITests.swift */,
			);
			path = GolfTrackerUITests;
			sourceTree = "<group>";
		};
/* End PBXGroup section */

/* Begin PBXNativeTarget section */
		75AA003F2896FAEC00DE9E6A /* GolfTracker */ = {
			isa = PBXNativeTarget;
			buildConfigurationList = 75AA00682896FAEF00DE9E6A /* Build configuration list for PBXNativeTarget "GolfTracker" */;
			buildPhases = (
				75AA003C2896FAEC00DE9E6A /* Sources */,
				75AA003D2896FAEC00DE9E6A /* Frameworks */,
				75AA003E2896FAEC00DE9E6A /* Resources */,
			);
			buildRules = (
			);
			dependencies = (
			);
			name = GolfTracker;
			productName = GolfTracker;
			productReference = 75AA00402896FAEC00DE9E6A /* GolfTracker.app */;
			productType = "com.apple.product-type.application";
		};
		75AA00552896FAEF00DE9E6A /* GolfTrackerTests */ = {
			isa = PBXNativeTarget;
			buildConfigurationList = 75AA006B2896FAEF00DE9E6A /* Build configuration list for PBXNativeTarget "GolfTrackerTests" */;
			buildPhases = (
				75AA00522896FAEF00DE9E6A /* Sources */,
				75AA00532896FAEF00DE9E6A /* Frameworks */,
				75AA00542896FAEF00DE9E6A /* Resources */,
			);
			buildRules = (
			);
			dependencies = (
				75AA00582896FAEF00DE9E6A /* PBXTargetDependency */,
			);
			name = GolfTrackerTests;
			productName = GolfTrackerTests;
			productReference = 75AA00562896FAEF00DE9E6A /* GolfTrackerTests.xctest */;
			productType = "com.apple.product-type.bundle.unit-test";
		};
		75AA005F2896FAEF00DE9E6A /* GolfTrackerUITests */ = {
			isa = PBXNativeTarget;
			buildConfigurationList = 75AA006E2896FAEF00DE9E6A /* Build configuration list for PBXNativeTarget "GolfTrackerUITests" */;
			buildPhases = (
				75AA005C2896FAEF00DE9E6A /* Sources */,
				75AA005D2896FAEF00DE9E6A /* Frameworks */,
				75AA005E2896FAEF00DE9E6A /* Resources */,
			);
			buildRules = (
			);
			dependencies = (
				75AA00622896FAEF00DE9E6A /* PBXTargetDependency */,
			);
			name = GolfTrackerUITests;
			productName = GolfTrackerUITests;
			productReference = 75AA00602896FAEF00DE9E6A /* GolfTrackerUITests.xctest */;
			productType = "com.apple.product-type.bundle.ui-testing";
		};
/* End PBXNativeTarget section */

/* Begin PBXProject section */
		75AA00382896FAEC00DE9E6A /* Project object */ = {
			isa = PBXProject;
			attributes = {
				BuildIndependentTargetsInParallel = 1;
				LastSwiftUpdateCheck = 1300;
				LastUpgradeCheck = 1300;
				TargetAttributes = {
					75AA003F2896FAEC00DE9E6A = {
						CreatedOnToolsVersion = 13.0;
					};
					75AA00552896FAEF00DE9E6A = {
						CreatedOnToolsVersion = 13.0;
						TestTargetID = 75AA003F2896FAEC00DE9E6A;
					};
					75AA005F2896FAEF00DE9E6A = {
						CreatedOnToolsVersion = 13.0;
						TestTargetID = 75AA003F2896FAEC00DE9E6A;
					};
				};
			};
			buildConfigurationList = 75AA003B2896FAEC00DE9E6A /* Build configuration list for PBXProject "GolfTracker" */;
			compatibilityVersion = "Xcode 13.0";
			developmentRegion = en;
			hasScannedForEncodings = 0;
			knownRegions = (
				en,
				Base,
			);
			mainGroup = 75AA00372896FAEC00DE9E6A;
			productRefGroup = 75AA00412896FAEC00DE9E6A /* Products */;
			projectDirPath = "";
			projectRoot = "";
			targets = (
				75AA003F2896FAEC00DE9E6A /* GolfTracker */,
				75AA00552896FAEF00DE9E6A /* GolfTrackerTests */,
				75AA005F2896FAEF00DE9E6A /* GolfTrackerUITests */,
			);
		};
/* End PBXProject section */

/* Begin PBXResourcesBuildPhase section */
		75AA003E2896FAEC00DE9E6A /* Resources */ = {
			isa = PBXResourcesBuildPhase;
			buildActionMask = 2147483647;
			files = (
				75AA00502896FAEE00DE9E6A /* LaunchScreen.storyboard in Resources */,
				75AA004D2896FAEE00DE9E6A /* Assets.xcassets in Resources */,
				75AA004B2896FAEC00DE9E6A /* Main.storyboard in Resources */,
			);
			runOnlyForDeploymentPostprocessing = 0;
		};
		75AA00542896FAEF00DE9E6A /* Resources */ = {
			isa = PBXResourcesBuildPhase;
			buildActionMask = 2147483647;
			files = (
			);
			runOnlyForDeploymentPostprocessing = 0;
		};
		75AA005E2896FAEF00DE9E6A /* Resources */ = {
			isa = PBXResourcesBuildPhase;
			buildActionMask = 2147483647;
			files = (
			);
			runOnlyForDeploymentPostprocessing = 0;
		};
/* End PBXResourcesBuildPhase section */

/* Begin PBXSourcesBuildPhase section */
		75AA003C2896FAEC00DE9E6A /* Sources */ = {
			isa = PBXSourcesBuildPhase;
			buildActionMask = 2147483647;
			files = (
				75AA00482896FAEC00DE9E6A /* ViewController.swift in Sources */,
				75AA00442896FAEC00DE9E6A /* AppDelegate.swift in Sources */,
				75AA00462896FAEC00DE9E6A /* SceneDelegate.swift in Sources */,
			);
			runOnlyForDeploymentPostprocessing = 0;
		};
		75AA00522896FAEF00DE9E6A /* Sources */ = {
			isa = PBXSourcesBuildPhase;
			buildActionMask = 2147483647;
			files = (
				75AA005B2896FAEF00DE9E6A /* GolfTrackerTests.swift in Sources */,
			);
			runOnlyForDeploymentPostprocessing = 0;
		};
		75AA005C2896FAEF00DE9E6A /* Sources */ = {
			isa = PBXSourcesBuildPhase;
			buildActionMask = 2147483647;
			files = (
				75AA00652896FAEF00DE9E6A /* GolfTrackerUITests.swift in Sources */,
			);
			runOnlyForDeploymentPostprocessing = 0;
		};
/* End PBXSourcesBuildPhase section */

/* Begin PBXTargetDependency section */
		75AA00582896FAEF00DE9E6A /* PBXTargetDependency */ = {
			isa = PBXTargetDependency;
			target = 75AA003F2896FAEC00DE9E6A /* GolfTracker */;
			targetProxy = 75AA00572896FAEF00DE9E6A /* PBXContainerItemProxy */;
		};
		75AA00622896FAEF00DE9E6A /* PBXTargetDependency */ = {
			isa = PBXTargetDependency;
			target = 75AA003F2896FAEC00DE9E6A /* GolfTracker */;
			targetProxy = 75AA00612896FAEF00DE9E6A /* PBXContainerItemProxy */;
		};
/* End PBXTargetDependency section */

/* Begin PBXVariantGroup section */
		75AA00492896FAEC00DE9E6A /* Main.storyboard */ = {
			isa = PBXVariantGroup;
			children = (
				75AA004A2896FAEC00DE9E6A /* Base */,
			);
			name = Main.storyboard;
			sourceTree = "<group>";
		};
		75AA004E2896FAEE00DE9E6A /* LaunchScreen.storyboard */ = {
			isa = PBXVariantGroup;
			children = (
				75AA004F2896FAEE00DE9E6A /* Base */,
			);
			name = LaunchScreen.storyboard;
			sourceTree = "<group>";
		};
/* End PBXVariantGroup section */

/* Begin XCBuildConfiguration section */
		75AA00662896FAEF00DE9E6A /* Debug */ = {
			isa = XCBuildConfiguration;
			buildSettings = {
				ALWAYS_SEARCH_USER_PATHS = NO;
				CLANG_ANALYZER_NONNULL = YES;
				CLANG_ANALYZER_NUMBER_OBJECT_CONVERSION = YES_AGGRESSIVE;
				CLANG_CXX_LANGUAGE_STANDARD = "gnu++14";
				CLANG_CXX_LIBRARY = "libc++";
				CLANG_ENABLE_MODULES = YES;
				CLANG_ENABLE_OBJC_ARC = YES;
				CLANG_ENABLE_OBJC_WEAK = YES;
				CLANG_WARN_BLOCK_CAPTURE_AUTORELEASING = YES;
				CLANG_WARN_BOOL_CONVERSION = YES;
				CLANG_WARN_COMMA = YES;
				CLANG_WARN_CONSTANT_CONVERSION = YES;
				CLANG_WARN_DEPRECATED_OBJC_IMPLEMENTATIONS = YES;
				CLANG_WARN_DIRECT_OBJC_ISA_USAGE = YES_ERROR;
				CLANG_WARN_DOCUMENTATION_COMMENTS = YES;
				CLANG_WARN_EMPTY_BODY = YES;
				CLANG_WARN_ENUM_CONVERSION = YES;
				CLANG_WARN_INFINITE_RECURSION = YES;
				CLANG_WARN_INT_CONVERSION = YES;
				CLANG_WARN_NON_LITERAL_NULL_CONVERSION = YES;
				CLANG_WARN_OBJC_IMPLICIT_RETAIN_SELF = YES;
				CLANG_WARN_OBJC_LITERAL_CONVERSION = YES;
				CLANG_WARN_OBJC_ROOT_CLASS = YES_ERROR;
				CLANG_WARN_QUOTED_INCLUDE_IN_FRAMEWORK_HEADER = YES;
				CLANG_WARN_RANGE_LOOP_ANALYSIS = YES;
				CLANG_WARN_STRICT_PROTOTYPES = YES;
				CLANG_WARN_SUSPICIOUS_MOVE = YES;
				CLANG_WARN_UNGUARDED_AVAILABILITY = YES_AGGRESSIVE;
				CLANG_WARN_UNREACHABLE_CODE = YES;
				CLANG_WARN__DUPLICATE_METHOD_MATCH = YES;
				COPY_PHASE_STRIP = NO;
				DEBUG_INFORMATION_FORMAT = dwarf;
				ENABLE_STRICT_OBJC_MSGSEND = YES;
				ENABLE_TESTABILITY = YES;
				GCC_C_LANGUAGE_STANDARD = gnu11;
				GCC_DYNAMIC_NO_PIC = NO;
				GCC_NO_COMMON_BLOCKS = YES;
				GCC_OPTIMIZATION_LEVEL = 0;
				GCC_PREPROCESSOR_DEFINITIONS = (
					"DEBUG=1",
					"$(inherited)",
				);
				GCC_WARN_64_TO_32_BIT_CONVERSION = YES;
				GCC_WARN_ABOUT_RETURN_TYPE = YES_ERROR;
				GCC_WARN_UNDECLARED_SELECTOR = YES;
				GCC_WARN_UNINITIALIZED_AUTOS = YES_AGGRESSIVE;
				GCC_WARN_UNUSED_FUNCTION = YES;
				GCC_WARN_UNUSED_VARIABLE = YES;
				IPHONEOS_DEPLOYMENT_TARGET = 15.0;
				MTL_ENABLE_DEBUG_INFO = INCLUDE_SOURCE;
				MTL_FAST_MATH = YES;
				ONLY_ACTIVE_ARCH = YES;
				SDKROOT = iphoneos;
				SWIFT_ACTIVE_COMPILATION_CONDITIONS = DEBUG;
				SWIFT_OPTIMIZATION_LEVEL = "-Onone";
			};
			name = Debug;
		};
		75AA00672896FAEF00DE9E6A /* Release */ = {
			isa = XCBuildConfiguration;
			buildSettings = {
				ALWAYS_SEARCH_USER_PATHS = NO;
				CLANG_ANALYZER_NONNULL = YES;
				CLANG_ANALYZER_NUMBER_OBJECT_CONVERSION = YES_AGGRESSIVE;
				CLANG_CXX_LANGUAGE_STANDARD = "gnu++14";
				CLANG_CXX_LIBRARY = "libc++";
				CLANG_ENABLE_MODULES = YES;
				CLANG_ENABLE_OBJC_ARC = YES;
				CLANG_ENABLE_OBJC_WEAK = YES;
				CLANG_WARN_BLOCK_CAPTURE_AUTORELEASING = YES;
				CLANG_WARN_BOOL_CONVERSION = YES;
				CLANG_WARN_COMMA = YES;
				CLANG_WARN_CONSTANT_CONVERSION = YES;
				CLANG_WARN_DEPRECATED_OBJC_IMPLEMENTATIONS = YES;
				CLANG_WARN_DIRECT_OBJC_ISA_USAGE = YES_ERROR;
				CLANG_WARN_DOCUMENTATION_COMMENTS = YES;
				CLANG_WARN_EMPTY_BODY = YES;
				CLANG_WARN_ENUM_CONVERSION = YES;
				CLANG_WARN_INFINITE_RECURSION = YES;
				CLANG_WARN_INT_CONVERSION = YES;
				CLANG_WARN_NON_LITERAL_NULL_CONVERSION = YES;
				CLANG_WARN_OBJC_IMPLICIT_RETAIN_SELF = YES;
				CLANG_WARN_OBJC_LITERAL_CONVERSION = YES;
				CLANG_WARN_OBJC_ROOT_CLASS = YES_ERROR;
				CLANG_WARN_QUOTED_INCLUDE_IN_FRAMEWORK_HEADER = YES;
				CLANG_WARN_RANGE_LOOP_ANALYSIS = YES;
				CLANG_WARN_STRICT_PROTOTYPES = YES;
				CLANG_WARN_SUSPICIOUS_MOVE = YES;
				CLANG_WARN_UNGUARDED_AVAILABILITY = YES_AGGRESSIVE;
				CLANG_WARN_UNREACHABLE_CODE = YES;
				CLANG_WARN__DUPLICATE_METHOD_MATCH = YES;
				COPY_PHASE_STRIP = NO;
				DEBUG_INFORMATION_FORMAT = "dwarf-with-dsym";
				ENABLE_NS_ASSERTIONS = NO;
				ENABLE_STRICT_OBJC_MSGSEND = YES;
				GCC_C_LANGUAGE_STANDARD = gnu11;
				GCC_NO_COMMON_BLOCKS = YES;
				GCC_WARN_64_TO_32_BIT_CONVERSION = YES;
				GCC_WARN_ABOUT_RETURN_TYPE = YES_ERROR;
				GCC_WARN_UNDECLARED_SELECTOR = YES;
				GCC_WARN_UNINITIALIZED_AUTOS = YES_AGGRESSIVE;
				GCC_WARN_UNUSED_FUNCTION = YES;
				GCC_WARN_UNUSED_VARIABLE = YES;
				IPHONEOS_DEPLOYMENT_TARGET = 15.0;
				MTL_ENABLE_DEBUG_INFO = NO;
				MTL_FAST_MATH = YES;
				SDKROOT = iphoneos;
				SWIFT_COMPILATION_MODE = wholemodule;
				SWIFT_OPTIMIZATION_LEVEL = "-O";
				VALIDATE_PRODUCT = YES;
			};
			name = Release;
		};
		75AA00692896FAEF00DE9E6A /* Debug */ = {
			isa = XCBuildConfiguration;
			buildSettings = {
				ASSETCATALOG_COMPILER_APPICON_NAME = AppIcon;
				ASSETCATALOG_COMPILER_GLOBAL_ACCENT_COLOR_NAME = AccentColor;
				CODE_SIGN_STYLE = Automatic;
				CURRENT_PROJECT_VERSION = 1;
				GENERATE_INFOPLIST_FILE = YES;
				INFOPLIST_FILE = GolfTracker/Info.plist;
				INFOPLIST_KEY_UIApplicationSupportsIndirectInputEvents = YES;
				INFOPLIST_KEY_UILaunchStoryboardName = LaunchScreen;
				INFOPLIST_KEY_UIMainStoryboardFile = Main;
				INFOPLIST_KEY_UISupportedInterfaceOrientations_iPad = "UIInterfaceOrientationPortrait UIInterfaceOrientationPortraitUpsideDown UIInterfaceOrientationLandscapeLeft UIInterfaceOrientationLandscapeRight";
				INFOPLIST_KEY_UISupportedInterfaceOrientations_iPhone = "UIInterfaceOrientationPortrait UIInterfaceOrientationLandscapeLeft UIInterfaceOrientationLandscapeRight";
				LD_RUNPATH_SEARCH_PATHS = (
					"$(inherited)",
					"@executable_path/Frameworks",
				);
				MARKETING_VERSION = 1.0;
				PRODUCT_BUNDLE_IDENTIFIER = zaccoeur.GolfTracker;
				PRODUCT_NAME = "$(TARGET_NAME)";
				SWIFT_EMIT_LOC_STRINGS = YES;
				SWIFT_VERSION = 5.0;
				TARGETED_DEVICE_FAMILY = "1,2";
			};
			name = Debug;
		};
		75AA006A2896FAEF00DE9E6A /* Release */ = {
			isa = XCBuildConfiguration;
			buildSettings = {
				ASSETCATALOG_COMPILER_APPICON_NAME = AppIcon;
				ASSETCATALOG_COMPILER_GLOBAL_ACCENT_COLOR_NAME = AccentColor;
				CODE_SIGN_STYLE = Automatic;
				CURRENT_PROJECT_VERSION = 1;
				GENERATE_INFOPLIST_FILE = YES;
				INFOPLIST_FILE = GolfTracker/Info.plist;
				INFOPLIST_KEY_UIApplicationSupportsIndirectInputEvents = YES;
				INFOPLIST_KEY_UILaunchStoryboardName = LaunchScreen;
				INFOPLIST_KEY_UIMainStoryboardFile = Main;
				INFOPLIST_KEY_UISupportedInterfaceOrientations_iPad = "UIInterfaceOrientationPortrait UIInterfaceOrientationPortraitUpsideDown UIInterfaceOrientationLandscapeLeft UIInterfaceOrientationLandscapeRight";
				INFOPLIST_KEY_UISupportedInterfaceOrientations_iPhone = "UIInterfaceOrientationPortrait UIInterfaceOrientationLandscapeLeft UIInterfaceOrientationLandscapeRight";
				LD_RUNPATH_SEARCH_PATHS = (
					"$(inherited)",
					"@executable_path/Frameworks",
				);
				MARKETING_VERSION = 1.0;
				PRODUCT_BUNDLE_IDENTIFIER = zaccoeur.GolfTracker;
				PRODUCT_NAME = "$(TARGET_NAME)";
				SWIFT_EMIT_LOC_STRINGS = YES;
				SWIFT_VERSION = 5.0;
				TARGETED_DEVICE_FAMILY = "1,2";
			};
			name = Release;
		};
		75AA006C2896FAEF00DE9E6A /* Debug */ = {
			isa = XCBuildConfiguration;
			buildSettings = {
				ALWAYS_EMBED_SWIFT_STANDARD_LIBRARIES = YES;
				BUNDLE_LOADER = "$(TEST_HOST)";
				CODE_SIGN_STYLE = Automatic;
				CURRENT_PROJECT_VERSION = 1;
				GENERATE_INFOPLIST_FILE = YES;
				IPHONEOS_DEPLOYMENT_TARGET = 15.0;
				LD_RUNPATH_SEARCH_PATHS = (
					"$(inherited)",
					"@executable_path/Frameworks",
					"@loader_path/Frameworks",
				);
				MARKETING_VERSION = 1.0;
				PRODUCT_BUNDLE_IDENTIFIER = zaccoeur.GolfTrackerTests;
				PRODUCT_NAME = "$(TARGET_NAME)";
				SWIFT_EMIT_LOC_STRINGS = NO;
				SWIFT_VERSION = 5.0;
				TARGETED_DEVICE_FAMILY = "1,2";
				TEST_HOST = "$(BUILT_PRODUCTS_DIR)/GolfTracker.app/GolfTracker";
			};
			name = Debug;
		};
		75AA006D2896FAEF00DE9E6A /* Release */ = {
			isa = XCBuildConfiguration;
			buildSettings = {
				ALWAYS_EMBED_SWIFT_STANDARD_LIBRARIES = YES;
				BUNDLE_LOADER = "$(TEST_HOST)";
				CODE_SIGN_STYLE = Automatic;
				CURRENT_PROJECT_VERSION = 1;
				GENERATE_INFOPLIST_FILE = YES;
				IPHONEOS_DEPLOYMENT_TARGET = 15.0;
				LD_RUNPATH_SEARCH_PATHS = (
					"$(inherited)",
					"@executable_path/Frameworks",
					"@loader_path/Frameworks",
				);
				MARKETING_VERSION = 1.0;
				PRODUCT_BUNDLE_IDENTIFIER = zaccoeur.GolfTrackerTests;
				PRODUCT_NAME = "$(TARGET_NAME)";
				SWIFT_EMIT_LOC_STRINGS = NO;
				SWIFT_VERSION = 5.0;
				TARGETED_DEVICE_FAMILY = "1,2";
				TEST_HOST = "$(BUILT_PRODUCTS_DIR)/GolfTracker.app/GolfTracker";
			};
			name = Release;
		};
		75AA006F2896FAEF00DE9E6A /* Debug */ = {
			isa = XCBuildConfiguration;
			buildSettings = {
				ALWAYS_EMBED_SWIFT_STANDARD_LIBRARIES = YES;
				CODE_SIGN_STYLE = Automatic;
				CURRENT_PROJECT_VERSION = 1;
				GENERATE_INFOPLIST_FILE = YES;
				LD_RUNPATH_SEARCH_PATHS = (
					"$(inherited)",
					"@executable_path/Frameworks",
					"@loader_path/Frameworks",
				);
				MARKETING_VERSION = 1.0;
				PRODUCT_BUNDLE_IDENTIFIER = zaccoeur.GolfTrackerUITests;
				PRODUCT_NAME = "$(TARGET_NAME)";
				SWIFT_EMIT_LOC_STRINGS = NO;
				SWIFT_VERSION = 5.0;
				TARGETED_DEVICE_FAMILY = "1,2";
				TEST_TARGET_NAME = GolfTracker;
			};
			name = Debug;
		};
		75AA00702896FAEF00DE9E6A /* Release */ = {
			isa = XCBuildConfiguration;
			buildSettings = {
				ALWAYS_EMBED_SWIFT_STANDARD_LIBRARIES = YES;
				CODE_SIGN_STYLE = Automatic;
				CURRENT_PROJECT_VERSION = 1;
				GENERATE_INFOPLIST_FILE = YES;
				LD_RUNPATH_SEARCH_PATHS = (
					"$(inherited)",
					"@executable_path/Frameworks",
					"@loader_path/Frameworks",
				);
				MARKETING_VERSION = 1.0;
				PRODUCT_BUNDLE_IDENTIFIER = zaccoeur.GolfTrackerUITests;
				PRODUCT_NAME = "$(TARGET_NAME)";
				SWIFT_EMIT_LOC_STRINGS = NO;
				SWIFT_VERSION = 5.0;
				TARGETED_DEVICE_FAMILY = "1,2";
				TEST_TARGET_NAME = GolfTracker;
			};
			name = Release;
		};
/* End XCBuildConfiguration section */

/* Begin XCConfigurationList section */
		75AA003B2896FAEC00DE9E6A /* Build configuration list for PBXProject "GolfTracker" */ = {
			isa = XCConfigurationList;
			buildConfigurations = (
				75AA00662896FAEF00DE9E6A /* Debug */,
				75AA00672896FAEF00DE9E6A /* Release */,
			);
			defaultConfigurationIsVisible = 0;
			defaultConfigurationName = Release;
		};
		75AA00682896FAEF00DE9E6A /* Build configuration list for PBXNativeTarget "GolfTracker" */ = {
			isa = XCConfigurationList;
			buildConfigurations = (
				75AA00692896FAEF00DE9E6A /* Debug */,
				75AA006A2896FAEF00DE9E6A /* Release */,
			);
			defaultConfigurationIsVisible = 0;
			defaultConfigurationName = Release;
		};
		75AA006B2896FAEF00DE9E6A /* Build configuration list for PBXNativeTarget "GolfTrackerTests" */ = {
			isa = XCConfigurationList;
			buildConfigurations = (
				75AA006C2896FAEF00DE9E6A /* Debug */,
				75AA006D2896FAEF00DE9E6A /* Release */,
			);
			defaultConfigurationIsVisible = 0;
			defaultConfigurationName = Release;
		};
		75AA006E2896FAEF00DE9E6A /* Build configuration list for PBXNativeTarget "GolfTrackerUITests" */ = {
			isa = XCConfigurationList;
			buildConfigurations = (
				75AA006F2896FAEF00DE9E6A /* Debug */,
				75AA00702896FAEF00DE9E6A /* Release */,
			);
			defaultConfigurationIsVisible = 0;
			defaultConfigurationName = Release;
		};
/* End XCConfigurationList section */
	};
	rootObject = 75AA00382896FAEC00DE9E6A /* Project object */;
}
